
Microsoft Visual Studio Solution File, Format Version 12.00
# Visual Studio Version 16
VisualStudioVersion = 16.0.34601.136
MinimumVisualStudioVersion = 10.0.40219.1
Project("{FAE04EC0-301F-11D3-BF4B-00C04F79EFBC}") = "Assignment1", "Assignment1\Assignment1.csproj", "{083F40EA-5E03-42AB-B867-883B757C8EAC}"
EndProject
Global
	GlobalSection(SolutionConfigurationPlatforms) = preSolution
		Debug|Any CPU = Debug|Any CPU
		Release|Any CPU = Release|Any CPU
	EndGlobalSection
	GlobalSection(ProjectConfigurationPlatforms) = postSolution
		{083F40EA-5E03-42AB-B867-883B757C8EAC}.Debug|Any CPU.ActiveCfg = Debug|Any CPU
		{083F40EA-5E03-42AB-B867-883B757C8EAC}.Debug|Any CPU.Build.0 = Debug|Any CPU
		{083F40EA-5E03-42AB-B867-883B757C8EAC}.Release|Any CPU.ActiveCfg = Release|Any CPU
		{083F40EA-5E03-42AB-B867-883B757C8EAC}.Release|Any CPU.Build.0 = Release|Any CPU
	EndGlobalSection
	GlobalSection(SolutionProperties) = preSolution
		HideSolutionNode = FALSE
	EndGlobalSection
	GlobalSection(ExtensibilityGlobals) = postSolution
		SolutionGuid = {51310F70-4323-42FC-A891-C2073F1CCDC4}
	EndGlobalSection
EndGlobal
