
Microsoft Visual Studio Solution File, Format Version 12.00
# Visual Studio Version 16
VisualStudioVersion = 16.0.34601.136
MinimumVisualStudioVersion = 10.0.40219.1
Project("{FAE04EC0-301F-11D3-BF4B-00C04F79EFBC}") = "AssessmentQ2", "AssessmentQ2\AssessmentQ2.csproj", "{12316B4D-CEB8-4B0B-A485-9CC80D64AFA1}"
EndProject
Global
	GlobalSection(SolutionConfigurationPlatforms) = preSolution
		Debug|Any CPU = Debug|Any CPU
		Release|Any CPU = Release|Any CPU
	EndGlobalSection
	GlobalSection(ProjectConfigurationPlatforms) = postSolution
		{12316B4D-CEB8-4B0B-A485-9CC80D64AFA1}.Debug|Any CPU.ActiveCfg = Debug|Any CPU
		{12316B4D-CEB8-4B0B-A485-9CC80D64AFA1}.Debug|Any CPU.Build.0 = Debug|Any CPU
		{12316B4D-CEB8-4B0B-A485-9CC80D64AFA1}.Release|Any CPU.ActiveCfg = Release|Any CPU
		{12316B4D-CEB8-4B0B-A485-9CC80D64AFA1}.Release|Any CPU.Build.0 = Release|Any CPU
	EndGlobalSection
	GlobalSection(SolutionProperties) = preSolution
		HideSolutionNode = FALSE
	EndGlobalSection
	GlobalSection(ExtensibilityGlobals) = postSolution
		SolutionGuid = {D8C4C9B7-4626-4D11-8302-B88CAC83EB3A}
	EndGlobalSection
EndGlobal
