
Microsoft Visual Studio Solution File, Format Version 12.00
# Visual Studio Version 16
VisualStudioVersion = 16.0.34601.136
MinimumVisualStudioVersion = 10.0.40219.1
Project("{FAE04EC0-301F-11D3-BF4B-00C04F79EFBC}") = "Validator Form", "Validator Form\Validator Form.csproj", "{89947BD5-0476-4105-AB88-22242B9607DB}"
EndProject
Global
	GlobalSection(SolutionConfigurationPlatforms) = preSolution
		Debug|Any CPU = Debug|Any CPU
		Release|Any CPU = Release|Any CPU
	EndGlobalSection
	GlobalSection(ProjectConfigurationPlatforms) = postSolution
		{89947BD5-0476-4105-AB88-22242B9607DB}.Debug|Any CPU.ActiveCfg = Debug|Any CPU
		{89947BD5-0476-4105-AB88-22242B9607DB}.Debug|Any CPU.Build.0 = Debug|Any CPU
		{89947BD5-0476-4105-AB88-22242B9607DB}.Release|Any CPU.ActiveCfg = Release|Any CPU
		{89947BD5-0476-4105-AB88-22242B9607DB}.Release|Any CPU.Build.0 = Release|Any CPU
	EndGlobalSection
	GlobalSection(SolutionProperties) = preSolution
		HideSolutionNode = FALSE
	EndGlobalSection
	GlobalSection(ExtensibilityGlobals) = postSolution
		SolutionGuid = {8542495F-E13D-4B44-A5E4-0AA6EF4254C3}
	EndGlobalSection
EndGlobal
